
Microsoft Visual Studio Solution File, Format Version 12.00
# Visual Studio Version 17
VisualStudioVersion = 17.3.32922.545
MinimumVisualStudioVersion = 10.0.40219.1
Project("{FAE04EC0-301F-11D3-BF4B-00C04F79EFBC}") = "App1.Android", "App1\App1.Android\App1.Android.csproj", "{CA97B554-6B59-413D-AA45-FA61F02161C1}"
EndProject
Project("{FAE04EC0-301F-11D3-BF4B-00C04F79EFBC}") = "App1", "App1\App1\App1.csproj", "{FB96F363-D92C-4C6C-AE87-01353FD1EDAA}"
EndProject
Global
	GlobalSection(SolutionConfigurationPlatforms) = preSolution
		Debug|Any CPU = Debug|Any CPU
		Release|Any CPU = Release|Any CPU
	EndGlobalSection
	GlobalSection(ProjectConfigurationPlatforms) = postSolution
		{CA97B554-6B59-413D-AA45-FA61F02161C1}.Debug|Any CPU.ActiveCfg = Debug|Any CPU
		{CA97B554-6B59-413D-AA45-FA61F02161C1}.Debug|Any CPU.Build.0 = Debug|Any CPU
		{CA97B554-6B59-413D-AA45-FA61F02161C1}.Debug|Any CPU.Deploy.0 = Debug|Any CPU
		{CA97B554-6B59-413D-AA45-FA61F02161C1}.Release|Any CPU.ActiveCfg = Release|Any CPU
		{CA97B554-6B59-413D-AA45-FA61F02161C1}.Release|Any CPU.Build.0 = Release|Any CPU
		{CA97B554-6B59-413D-AA45-FA61F02161C1}.Release|Any CPU.Deploy.0 = Release|Any CPU
		{FB96F363-D92C-4C6C-AE87-01353FD1EDAA}.Debug|Any CPU.ActiveCfg = Debug|Any CPU
		{FB96F363-D92C-4C6C-AE87-01353FD1EDAA}.Debug|Any CPU.Build.0 = Debug|Any CPU
		{FB96F363-D92C-4C6C-AE87-01353FD1EDAA}.Debug|Any CPU.Deploy.0 = Debug|Any CPU
		{FB96F363-D92C-4C6C-AE87-01353FD1EDAA}.Release|Any CPU.ActiveCfg = Release|Any CPU
		{FB96F363-D92C-4C6C-AE87-01353FD1EDAA}.Release|Any CPU.Build.0 = Release|Any CPU
		{FB96F363-D92C-4C6C-AE87-01353FD1EDAA}.Release|Any CPU.Deploy.0 = Release|Any CPU
	EndGlobalSection
	GlobalSection(SolutionProperties) = preSolution
		HideSolutionNode = FALSE
	EndGlobalSection
	GlobalSection(ExtensibilityGlobals) = postSolution
		SolutionGuid = {2B09B456-D705-43D1-BA64-9AAAD7955618}
	EndGlobalSection
EndGlobal
